// !$*UTF8*$!
{
	archiveVersion = 1;
	classes = {
	};
	objectVersion = 46;
	objects = {

/* Begin PBXBuildFile section */
		4563609A1E9CF21D00A31D00 /* main.cpp in Sources */ = {isa = PBXBuildFile; fileRef = 456360991E9CF21D00A31D00 /* main.cpp */; };
		4571732C1EBA84BD008B3DB2 /* Lexer.cpp in Sources */ = {isa = PBXBuildFile; fileRef = 457173281EBA84BD008B3DB2 /* Lexer.cpp */; };
		4571732D1EBA84BD008B3DB2 /* SourceReader.cpp in Sources */ = {isa = PBXBuildFile; fileRef = 457173291EBA84BD008B3DB2 /* SourceReader.cpp */; };
		4571732E1EBA84BD008B3DB2 /* X.cpp in Sources */ = {isa = PBXBuildFile; fileRef = 4571732A1EBA84BD008B3DB2 /* X.cpp */; };
		4571732F1EBA84BD008B3DB2 /* XInstance.cpp in Sources */ = {isa = PBXBuildFile; fileRef = 4571732B1EBA84BD008B3DB2 /* XInstance.cpp */; };
		457173321EBA84F4008B3DB2 /* LHSConfiguration.cpp in Sources */ = {isa = PBXBuildFile; fileRef = 457173301EBA84F4008B3DB2 /* LHSConfiguration.cpp */; };
		457173331EBA84F4008B3DB2 /* RHSTemplate.cpp in Sources */ = {isa = PBXBuildFile; fileRef = 457173311EBA84F4008B3DB2 /* RHSTemplate.cpp */; };
/* End PBXBuildFile section */

/* Begin PBXCopyFilesBuildPhase section */
		456360941E9CF21D00A31D00 /* CopyFiles */ = {
			isa = PBXCopyFilesBuildPhase;
			buildActionMask = 12;
			dstPath = "";
			dstSubfolderSpec = 6;
			files = (
			);
			runOnlyForDeploymentPostprocessing = 0;
		};
/* End PBXCopyFilesBuildPhase section */

/* Begin PBXFileReference section */
		456360961E9CF21D00A31D00 /* Framework X */ = {isa = PBXFileReference; explicitFileType = "compiled.mach-o.executable"; includeInIndex = 0; path = "Framework X"; sourceTree = BUILT_PRODUCTS_DIR; };
		456360991E9CF21D00A31D00 /* main.cpp */ = {isa = PBXFileReference; lastKnownFileType = sourcecode.cpp.cpp; path = main.cpp; sourceTree = "<group>"; };
		456360A01E9CF23D00A31D00 /* CMakeLists.txt */ = {isa = PBXFileReference; lastKnownFileType = text; path = CMakeLists.txt; sourceTree = "<group>"; };
		456360A11E9CF34D00A31D00 /* templ.tmpl */ = {isa = PBXFileReference; fileEncoding = 4; lastKnownFileType = text; path = templ.tmpl; sourceTree = "<group>"; };
		456360A31E9CF35000A31D00 /* test.cpp */ = {isa = PBXFileReference; fileEncoding = 4; lastKnownFileType = sourcecode.cpp.cpp; path = test.cpp; sourceTree = "<group>"; };
		457173161EBA3D35008B3DB2 /* 3rd */ = {isa = PBXFileReference; lastKnownFileType = folder; path = 3rd; sourceTree = "<group>"; };
		4571731A1EBA746C008B3DB2 /* config.json */ = {isa = PBXFileReference; lastKnownFileType = text.json; path = config.json; sourceTree = "<group>"; };
		4571731F1EBA827C008B3DB2 /* common */ = {isa = PBXFileReference; lastKnownFileType = folder; path = common; sourceTree = "<group>"; };
		457173231EBA82DF008B3DB2 /* RHS */ = {isa = PBXFileReference; lastKnownFileType = folder; path = RHS; sourceTree = "<group>"; };
		457173241EBA830B008B3DB2 /* LHS */ = {isa = PBXFileReference; lastKnownFileType = folder; path = LHS; sourceTree = "<group>"; };
		457173281EBA84BD008B3DB2 /* Lexer.cpp */ = {isa = PBXFileReference; lastKnownFileType = sourcecode.cpp.cpp; name = Lexer.cpp; path = "Framework X/common/Lexer.cpp"; sourceTree = "<group>"; };
		457173291EBA84BD008B3DB2 /* SourceReader.cpp */ = {isa = PBXFileReference; lastKnownFileType = sourcecode.cpp.cpp; name = SourceReader.cpp; path = "Framework X/common/SourceReader.cpp"; sourceTree = "<group>"; };
		4571732A1EBA84BD008B3DB2 /* X.cpp */ = {isa = PBXFileReference; lastKnownFileType = sourcecode.cpp.cpp; name = X.cpp; path = "Framework X/common/X.cpp"; sourceTree = "<group>"; };
		4571732B1EBA84BD008B3DB2 /* XInstance.cpp */ = {isa = PBXFileReference; lastKnownFileType = sourcecode.cpp.cpp; name = XInstance.cpp; path = "Framework X/common/XInstance.cpp"; sourceTree = "<group>"; };
		457173301EBA84F4008B3DB2 /* LHSConfiguration.cpp */ = {isa = PBXFileReference; lastKnownFileType = sourcecode.cpp.cpp; name = LHSConfiguration.cpp; path = "Framework X/LHS/LHSConfiguration.cpp"; sourceTree = "<group>"; };
		457173311EBA84F4008B3DB2 /* RHSTemplate.cpp */ = {isa = PBXFileReference; lastKnownFileType = sourcecode.cpp.cpp; name = RHSTemplate.cpp; path = "Framework X/RHS/RHSTemplate.cpp"; sourceTree = "<group>"; };
		457FA77F1EADFDFE001ABD05 /* README.md */ = {isa = PBXFileReference; fileEncoding = 4; lastKnownFileType = net.daringfireball.markdown; path = README.md; sourceTree = "<group>"; };
/* End PBXFileReference section */

/* Begin PBXFrameworksBuildPhase section */
		456360931E9CF21D00A31D00 /* Frameworks */ = {
			isa = PBXFrameworksBuildPhase;
			buildActionMask = 2147483647;
			files = (
			);
			runOnlyForDeploymentPostprocessing = 0;
		};
/* End PBXFrameworksBuildPhase section */

/* Begin PBXGroup section */
		4563608D1E9CF21D00A31D00 = {
			isa = PBXGroup;
			children = (
				457173301EBA84F4008B3DB2 /* LHSConfiguration.cpp */,
				457173311EBA84F4008B3DB2 /* RHSTemplate.cpp */,
				457173281EBA84BD008B3DB2 /* Lexer.cpp */,
				457173291EBA84BD008B3DB2 /* SourceReader.cpp */,
				4571732A1EBA84BD008B3DB2 /* X.cpp */,
				4571732B1EBA84BD008B3DB2 /* XInstance.cpp */,
				456360981E9CF21D00A31D00 /* Framework X */,
				456360971E9CF21D00A31D00 /* Products */,
			);
			sourceTree = "<group>";
		};
		456360971E9CF21D00A31D00 /* Products */ = {
			isa = PBXGroup;
			children = (
				456360961E9CF21D00A31D00 /* Framework X */,
			);
			name = Products;
			sourceTree = "<group>";
		};
		456360981E9CF21D00A31D00 /* Framework X */ = {
			isa = PBXGroup;
			children = (
				457173161EBA3D35008B3DB2 /* 3rd */,
				456360991E9CF21D00A31D00 /* main.cpp */,
				4571731F1EBA827C008B3DB2 /* common */,
				457173241EBA830B008B3DB2 /* LHS */,
				457173231EBA82DF008B3DB2 /* RHS */,
				456360A01E9CF23D00A31D00 /* CMakeLists.txt */,
				456360A11E9CF34D00A31D00 /* templ.tmpl */,
				456360A31E9CF35000A31D00 /* test.cpp */,
				457FA77F1EADFDFE001ABD05 /* README.md */,
				4571731A1EBA746C008B3DB2 /* config.json */,
			);
			path = "Framework X";
			sourceTree = "<group>";
		};
/* End PBXGroup section */

/* Begin PBXNativeTarget section */
		456360951E9CF21D00A31D00 /* Framework X */ = {
			isa = PBXNativeTarget;
			buildConfigurationList = 4563609D1E9CF21D00A31D00 /* Build configuration list for PBXNativeTarget "Framework X" */;
			buildPhases = (
				456360921E9CF21D00A31D00 /* Sources */,
				456360931E9CF21D00A31D00 /* Frameworks */,
				456360941E9CF21D00A31D00 /* CopyFiles */,
			);
			buildRules = (
			);
			dependencies = (
			);
			name = "Framework X";
			productName = "Framework X";
			productReference = 456360961E9CF21D00A31D00 /* Framework X */;
			productType = "com.apple.product-type.tool";
		};
/* End PBXNativeTarget section */

/* Begin PBXProject section */
		4563608E1E9CF21D00A31D00 /* Project object */ = {
			isa = PBXProject;
			attributes = {
				LastUpgradeCheck = 0830;
				ORGANIZATIONNAME = "Ruben Opdebeeck";
				TargetAttributes = {
					456360951E9CF21D00A31D00 = {
						CreatedOnToolsVersion = 8.3;
						ProvisioningStyle = Automatic;
					};
				};
			};
			buildConfigurationList = 456360911E9CF21D00A31D00 /* Build configuration list for PBXProject "Framework X" */;
			compatibilityVersion = "Xcode 3.2";
			developmentRegion = English;
			hasScannedForEncodings = 0;
			knownRegions = (
				en,
			);
			mainGroup = 4563608D1E9CF21D00A31D00;
			productRefGroup = 456360971E9CF21D00A31D00 /* Products */;
			projectDirPath = "";
			projectRoot = "";
			targets = (
				456360951E9CF21D00A31D00 /* Framework X */,
			);
		};
/* End PBXProject section */

/* Begin PBXSourcesBuildPhase section */
		456360921E9CF21D00A31D00 /* Sources */ = {
			isa = PBXSourcesBuildPhase;
			buildActionMask = 2147483647;
			files = (
				457173321EBA84F4008B3DB2 /* LHSConfiguration.cpp in Sources */,
				457173331EBA84F4008B3DB2 /* RHSTemplate.cpp in Sources */,
				4571732C1EBA84BD008B3DB2 /* Lexer.cpp in Sources */,
				4571732D1EBA84BD008B3DB2 /* SourceReader.cpp in Sources */,
				4571732E1EBA84BD008B3DB2 /* X.cpp in Sources */,
				4571732F1EBA84BD008B3DB2 /* XInstance.cpp in Sources */,
				4563609A1E9CF21D00A31D00 /* main.cpp in Sources */,
			);
			runOnlyForDeploymentPostprocessing = 0;
		};
/* End PBXSourcesBuildPhase section */

/* Begin XCBuildConfiguration section */
		4563609B1E9CF21D00A31D00 /* Debug */ = {
			isa = XCBuildConfiguration;
			buildSettings = {
				ALWAYS_SEARCH_USER_PATHS = NO;
				CLANG_ANALYZER_NONNULL = YES;
				CLANG_ANALYZER_NUMBER_OBJECT_CONVERSION = YES_AGGRESSIVE;
				CLANG_CXX_LANGUAGE_STANDARD = "gnu++0x";
				CLANG_CXX_LIBRARY = "libc++";
				CLANG_ENABLE_MODULES = YES;
				CLANG_ENABLE_OBJC_ARC = YES;
				CLANG_WARN_BOOL_CONVERSION = YES;
				CLANG_WARN_CONSTANT_CONVERSION = YES;
				CLANG_WARN_DIRECT_OBJC_ISA_USAGE = YES_ERROR;
				CLANG_WARN_DOCUMENTATION_COMMENTS = YES;
				CLANG_WARN_EMPTY_BODY = YES;
				CLANG_WARN_ENUM_CONVERSION = YES;
				CLANG_WARN_INFINITE_RECURSION = YES;
				CLANG_WARN_INT_CONVERSION = YES;
				CLANG_WARN_OBJC_ROOT_CLASS = YES_ERROR;
				CLANG_WARN_SUSPICIOUS_MOVE = YES;
				CLANG_WARN_UNREACHABLE_CODE = YES;
				CLANG_WARN__DUPLICATE_METHOD_MATCH = YES;
				CODE_SIGN_IDENTITY = "-";
				COPY_PHASE_STRIP = NO;
				DEBUG_INFORMATION_FORMAT = dwarf;
				ENABLE_STRICT_OBJC_MSGSEND = YES;
				ENABLE_TESTABILITY = YES;
				EXCLUDED_SOURCE_FILE_NAMES = test.cpp;
				GCC_C_LANGUAGE_STANDARD = gnu99;
				GCC_DYNAMIC_NO_PIC = NO;
				GCC_NO_COMMON_BLOCKS = YES;
				GCC_OPTIMIZATION_LEVEL = 0;
				GCC_PREPROCESSOR_DEFINITIONS = (
					"DEBUG=1",
					"$(inherited)",
				);
				GCC_WARN_64_TO_32_BIT_CONVERSION = YES;
				GCC_WARN_ABOUT_RETURN_TYPE = YES_ERROR;
				GCC_WARN_UNDECLARED_SELECTOR = YES;
				GCC_WARN_UNINITIALIZED_AUTOS = YES_AGGRESSIVE;
				GCC_WARN_UNUSED_FUNCTION = YES;
				GCC_WARN_UNUSED_VARIABLE = YES;
				MACOSX_DEPLOYMENT_TARGET = 10.12;
				MTL_ENABLE_DEBUG_INFO = YES;
				ONLY_ACTIVE_ARCH = YES;
				OTHER_LDFLAGS = (
					"-L/usr/local/Cellar/llvm/4.0.0/lib",
					"-lLLVMLTO",
					"-lLLVMPasses",
					"-lLLVMObjCARCOpts",
					"-lLLVMMIRParser",
					"-lLLVMSymbolize",
					"-lLLVMDebugInfoPDB",
					"-lLLVMDebugInfoDWARF",
					"-lLLVMCoverage",
					"-lLLVMTableGen",
					"-lLLVMOrcJIT",
					"-lLLVMXCoreDisassembler",
					"-lLLVMXCoreCodeGen",
					"-lLLVMXCoreDesc",
					"-lLLVMXCoreInfo",
					"-lLLVMXCoreAsmPrinter",
					"-lLLVMSystemZDisassembler",
					"-lLLVMSystemZCodeGen",
					"-lLLVMSystemZAsmParser",
					"-lLLVMSystemZDesc",
					"-lLLVMSystemZInfo",
					"-lLLVMSystemZAsmPrinter",
					"-lLLVMSparcDisassembler",
					"-lLLVMSparcCodeGen",
					"-lLLVMSparcAsmParser",
					"-lLLVMSparcDesc",
					"-lLLVMSparcInfo",
					"-lLLVMSparcAsmPrinter",
					"-lLLVMRISCVDesc",
					"-lLLVMRISCVCodeGen",
					"-lLLVMRISCVInfo",
					"-lLLVMPowerPCDisassembler",
					"-lLLVMPowerPCCodeGen",
					"-lLLVMPowerPCAsmParser",
					"-lLLVMPowerPCDesc",
					"-lLLVMPowerPCInfo",
					"-lLLVMPowerPCAsmPrinter",
					"-lLLVMNVPTXCodeGen",
					"-lLLVMNVPTXDesc",
					"-lLLVMNVPTXInfo",
					"-lLLVMNVPTXAsmPrinter",
					"-lLLVMMSP430CodeGen",
					"-lLLVMMSP430Desc",
					"-lLLVMMSP430Info",
					"-lLLVMMSP430AsmPrinter",
					"-lLLVMMipsDisassembler",
					"-lLLVMMipsCodeGen",
					"-lLLVMMipsAsmParser",
					"-lLLVMMipsDesc",
					"-lLLVMMipsInfo",
					"-lLLVMMipsAsmPrinter",
					"-lLLVMLanaiDisassembler",
					"-lLLVMLanaiCodeGen",
					"-lLLVMLanaiAsmParser",
					"-lLLVMLanaiDesc",
					"-lLLVMLanaiInstPrinter",
					"-lLLVMLanaiInfo",
					"-lLLVMHexagonDisassembler",
					"-lLLVMHexagonCodeGen",
					"-lLLVMHexagonAsmParser",
					"-lLLVMHexagonDesc",
					"-lLLVMHexagonInfo",
					"-lLLVMBPFDisassembler",
					"-lLLVMBPFCodeGen",
					"-lLLVMBPFDesc",
					"-lLLVMBPFInfo",
					"-lLLVMBPFAsmPrinter",
					"-lLLVMARMDisassembler",
					"-lLLVMARMCodeGen",
					"-lLLVMARMAsmParser",
					"-lLLVMARMDesc",
					"-lLLVMARMInfo",
					"-lLLVMARMAsmPrinter",
					"-lLLVMAMDGPUDisassembler",
					"-lLLVMAMDGPUCodeGen",
					"-lLLVMAMDGPUAsmParser",
					"-lLLVMAMDGPUDesc",
					"-lLLVMAMDGPUInfo",
					"-lLLVMAMDGPUAsmPrinter",
					"-lLLVMAMDGPUUtils",
					"-lLLVMAArch64Disassembler",
					"-lLLVMAArch64CodeGen",
					"-lLLVMAArch64AsmParser",
					"-lLLVMAArch64Desc",
					"-lLLVMAArch64Info",
					"-lLLVMAArch64AsmPrinter",
					"-lLLVMAArch64Utils",
					"-lLLVMObjectYAML",
					"-lLLVMLibDriver",
					"-lLLVMOption",
					"-lLLVMX86Disassembler",
					"-lLLVMX86AsmParser",
					"-lLLVMX86CodeGen",
					"-lLLVMGlobalISel",
					"-lLLVMSelectionDAG",
					"-lLLVMAsmPrinter",
					"-lLLVMDebugInfoCodeView",
					"-lLLVMDebugInfoMSF",
					"-lLLVMX86Desc",
					"-lLLVMMCDisassembler",
					"-lLLVMX86Info",
					"-lLLVMX86AsmPrinter",
					"-lLLVMX86Utils",
					"-lLLVMMCJIT",
					"-lLLVMLineEditor",
					"-lLLVMInterpreter",
					"-lLLVMExecutionEngine",
					"-lLLVMRuntimeDyld",
					"-lLLVMCodeGen",
					"-lLLVMTarget",
					"-lLLVMCoroutines",
					"-lLLVMipo",
					"-lLLVMInstrumentation",
					"-lLLVMVectorize",
					"-lLLVMScalarOpts",
					"-lLLVMLinker",
					"-lLLVMIRReader",
					"-lLLVMAsmParser",
					"-lLLVMInstCombine",
					"-lLLVMTransformUtils",
					"-lLLVMBitWriter",
					"-lLLVMAnalysis",
					"-lLLVMObject",
					"-lLLVMMCParser",
					"-lLLVMMC",
					"-lLLVMBitReader",
					"-lLLVMProfileData",
					"-lLLVMCore",
					"-lLLVMSupport",
					"-lLLVMDemangle",
					"-lclangAST",
					"-lclangASTMatchers",
					"-lclangAnalysis",
					"-lclangBasic",
					"-lclangDriver",
					"-lclangEdit",
					"-lclangFrontend",
					"-lclangFrontendTool",
					"-lclangLex",
					"-lclangParse",
					"-lclangSema",
					"-lclangEdit",
					"-lclangRewrite",
					"-lclangRewriteFrontend",
					"-lclangStaticAnalyzerFrontend",
					"-lclangStaticAnalyzerCheckers",
					"-lclangStaticAnalyzerCore",
					"-lclangSerialization",
					"-lclangToolingCore",
					"-lclangTooling",
					"-lclangFormat",
					"-lz",
					"-lcurses",
					"-L/usr/local/Cellar/llvm/4.0.0/lib",
					"-Wl,-search_paths_first",
					"-Wl,-headerpad_max_install_names",
					"-lm",
				);
				SDKROOT = macosx;
				USER_HEADER_SEARCH_PATHS = /usr/local/Cellar/llvm/4.0.0/include;
			};
			name = Debug;
		};
		4563609C1E9CF21D00A31D00 /* Release */ = {
			isa = XCBuildConfiguration;
			buildSettings = {
				ALWAYS_SEARCH_USER_PATHS = NO;
				CLANG_ANALYZER_NONNULL = YES;
				CLANG_ANALYZER_NUMBER_OBJECT_CONVERSION = YES_AGGRESSIVE;
				CLANG_CXX_LANGUAGE_STANDARD = "gnu++0x";
				CLANG_CXX_LIBRARY = "libc++";
				CLANG_ENABLE_MODULES = YES;
				CLANG_ENABLE_OBJC_ARC = YES;
				CLANG_WARN_BOOL_CONVERSION = YES;
				CLANG_WARN_CONSTANT_CONVERSION = YES;
				CLANG_WARN_DIRECT_OBJC_ISA_USAGE = YES_ERROR;
				CLANG_WARN_DOCUMENTATION_COMMENTS = YES;
				CLANG_WARN_EMPTY_BODY = YES;
				CLANG_WARN_ENUM_CONVERSION = YES;
				CLANG_WARN_INFINITE_RECURSION = YES;
				CLANG_WARN_INT_CONVERSION = YES;
				CLANG_WARN_OBJC_ROOT_CLASS = YES_ERROR;
				CLANG_WARN_SUSPICIOUS_MOVE = YES;
				CLANG_WARN_UNREACHABLE_CODE = YES;
				CLANG_WARN__DUPLICATE_METHOD_MATCH = YES;
				CODE_SIGN_IDENTITY = "-";
				COPY_PHASE_STRIP = NO;
				DEBUG_INFORMATION_FORMAT = "dwarf-with-dsym";
				ENABLE_NS_ASSERTIONS = NO;
				ENABLE_STRICT_OBJC_MSGSEND = YES;
				EXCLUDED_SOURCE_FILE_NAMES = test.cpp;
				GCC_C_LANGUAGE_STANDARD = gnu99;
				GCC_NO_COMMON_BLOCKS = YES;
				GCC_WARN_64_TO_32_BIT_CONVERSION = YES;
				GCC_WARN_ABOUT_RETURN_TYPE = YES_ERROR;
				GCC_WARN_UNDECLARED_SELECTOR = YES;
				GCC_WARN_UNINITIALIZED_AUTOS = YES_AGGRESSIVE;
				GCC_WARN_UNUSED_FUNCTION = YES;
				GCC_WARN_UNUSED_VARIABLE = YES;
				MACOSX_DEPLOYMENT_TARGET = 10.12;
				MTL_ENABLE_DEBUG_INFO = NO;
				OTHER_LDFLAGS = (
					"-L/usr/local/Cellar/llvm/4.0.0/lib",
					"-lLLVMLTO",
					"-lLLVMPasses",
					"-lLLVMObjCARCOpts",
					"-lLLVMMIRParser",
					"-lLLVMSymbolize",
					"-lLLVMDebugInfoPDB",
					"-lLLVMDebugInfoDWARF",
					"-lLLVMCoverage",
					"-lLLVMTableGen",
					"-lLLVMOrcJIT",
					"-lLLVMXCoreDisassembler",
					"-lLLVMXCoreCodeGen",
					"-lLLVMXCoreDesc",
					"-lLLVMXCoreInfo",
					"-lLLVMXCoreAsmPrinter",
					"-lLLVMSystemZDisassembler",
					"-lLLVMSystemZCodeGen",
					"-lLLVMSystemZAsmParser",
					"-lLLVMSystemZDesc",
					"-lLLVMSystemZInfo",
					"-lLLVMSystemZAsmPrinter",
					"-lLLVMSparcDisassembler",
					"-lLLVMSparcCodeGen",
					"-lLLVMSparcAsmParser",
					"-lLLVMSparcDesc",
					"-lLLVMSparcInfo",
					"-lLLVMSparcAsmPrinter",
					"-lLLVMRISCVDesc",
					"-lLLVMRISCVCodeGen",
					"-lLLVMRISCVInfo",
					"-lLLVMPowerPCDisassembler",
					"-lLLVMPowerPCCodeGen",
					"-lLLVMPowerPCAsmParser",
					"-lLLVMPowerPCDesc",
					"-lLLVMPowerPCInfo",
					"-lLLVMPowerPCAsmPrinter",
					"-lLLVMNVPTXCodeGen",
					"-lLLVMNVPTXDesc",
					"-lLLVMNVPTXInfo",
					"-lLLVMNVPTXAsmPrinter",
					"-lLLVMMSP430CodeGen",
					"-lLLVMMSP430Desc",
					"-lLLVMMSP430Info",
					"-lLLVMMSP430AsmPrinter",
					"-lLLVMMipsDisassembler",
					"-lLLVMMipsCodeGen",
					"-lLLVMMipsAsmParser",
					"-lLLVMMipsDesc",
					"-lLLVMMipsInfo",
					"-lLLVMMipsAsmPrinter",
					"-lLLVMLanaiDisassembler",
					"-lLLVMLanaiCodeGen",
					"-lLLVMLanaiAsmParser",
					"-lLLVMLanaiDesc",
					"-lLLVMLanaiInstPrinter",
					"-lLLVMLanaiInfo",
					"-lLLVMHexagonDisassembler",
					"-lLLVMHexagonCodeGen",
					"-lLLVMHexagonAsmParser",
					"-lLLVMHexagonDesc",
					"-lLLVMHexagonInfo",
					"-lLLVMBPFDisassembler",
					"-lLLVMBPFCodeGen",
					"-lLLVMBPFDesc",
					"-lLLVMBPFInfo",
					"-lLLVMBPFAsmPrinter",
					"-lLLVMARMDisassembler",
					"-lLLVMARMCodeGen",
					"-lLLVMARMAsmParser",
					"-lLLVMARMDesc",
					"-lLLVMARMInfo",
					"-lLLVMARMAsmPrinter",
					"-lLLVMAMDGPUDisassembler",
					"-lLLVMAMDGPUCodeGen",
					"-lLLVMAMDGPUAsmParser",
					"-lLLVMAMDGPUDesc",
					"-lLLVMAMDGPUInfo",
					"-lLLVMAMDGPUAsmPrinter",
					"-lLLVMAMDGPUUtils",
					"-lLLVMAArch64Disassembler",
					"-lLLVMAArch64CodeGen",
					"-lLLVMAArch64AsmParser",
					"-lLLVMAArch64Desc",
					"-lLLVMAArch64Info",
					"-lLLVMAArch64AsmPrinter",
					"-lLLVMAArch64Utils",
					"-lLLVMObjectYAML",
					"-lLLVMLibDriver",
					"-lLLVMOption",
					"-lLLVMX86Disassembler",
					"-lLLVMX86AsmParser",
					"-lLLVMX86CodeGen",
					"-lLLVMGlobalISel",
					"-lLLVMSelectionDAG",
					"-lLLVMAsmPrinter",
					"-lLLVMDebugInfoCodeView",
					"-lLLVMDebugInfoMSF",
					"-lLLVMX86Desc",
					"-lLLVMMCDisassembler",
					"-lLLVMX86Info",
					"-lLLVMX86AsmPrinter",
					"-lLLVMX86Utils",
					"-lLLVMMCJIT",
					"-lLLVMLineEditor",
					"-lLLVMInterpreter",
					"-lLLVMExecutionEngine",
					"-lLLVMRuntimeDyld",
					"-lLLVMCodeGen",
					"-lLLVMTarget",
					"-lLLVMCoroutines",
					"-lLLVMipo",
					"-lLLVMInstrumentation",
					"-lLLVMVectorize",
					"-lLLVMScalarOpts",
					"-lLLVMLinker",
					"-lLLVMIRReader",
					"-lLLVMAsmParser",
					"-lLLVMInstCombine",
					"-lLLVMTransformUtils",
					"-lLLVMBitWriter",
					"-lLLVMAnalysis",
					"-lLLVMObject",
					"-lLLVMMCParser",
					"-lLLVMMC",
					"-lLLVMBitReader",
					"-lLLVMProfileData",
					"-lLLVMCore",
					"-lLLVMSupport",
					"-lLLVMDemangle",
					"-lclangAST",
					"-lclangASTMatchers",
					"-lclangAnalysis",
					"-lclangBasic",
					"-lclangDriver",
					"-lclangEdit",
					"-lclangFrontend",
					"-lclangFrontendTool",
					"-lclangLex",
					"-lclangParse",
					"-lclangSema",
					"-lclangEdit",
					"-lclangRewrite",
					"-lclangRewriteFrontend",
					"-lclangStaticAnalyzerFrontend",
					"-lclangStaticAnalyzerCheckers",
					"-lclangStaticAnalyzerCore",
					"-lclangSerialization",
					"-lclangToolingCore",
					"-lclangTooling",
					"-lclangFormat",
					"-lz",
					"-lcurses",
					"-L/usr/local/Cellar/llvm/4.0.0/lib",
					"-Wl,-search_paths_first",
					"-Wl,-headerpad_max_install_names",
					"-lm",
				);
				SDKROOT = macosx;
				USER_HEADER_SEARCH_PATHS = /usr/local/Cellar/llvm/4.0.0/include;
			};
			name = Release;
		};
		4563609E1E9CF21D00A31D00 /* Debug */ = {
			isa = XCBuildConfiguration;
			buildSettings = {
				LIBRARY_SEARCH_PATHS = (
					"$(inherited)",
					"$(PROJECT_DIR)/Framework\\ X/3rd/json-schema-validator/build",
					/usr/local/Cellar/llvm/4.0.0/lib,
				);
				OTHER_LDFLAGS = (
					"-lLLVMLTO",
					"-lLLVMPasses",
					"-lLLVMObjCARCOpts",
					"-lLLVMMIRParser",
					"-lLLVMSymbolize",
					"-lLLVMDebugInfoPDB",
					"-lLLVMDebugInfoDWARF",
					"-lLLVMCoverage",
					"-lLLVMTableGen",
					"-lLLVMOrcJIT",
					"-lLLVMXCoreDisassembler",
					"-lLLVMXCoreCodeGen",
					"-lLLVMXCoreDesc",
					"-lLLVMXCoreInfo",
					"-lLLVMXCoreAsmPrinter",
					"-lLLVMSystemZDisassembler",
					"-lLLVMSystemZCodeGen",
					"-lLLVMSystemZAsmParser",
					"-lLLVMSystemZDesc",
					"-lLLVMSystemZInfo",
					"-lLLVMSystemZAsmPrinter",
					"-lLLVMSparcDisassembler",
					"-lLLVMSparcCodeGen",
					"-lLLVMSparcAsmParser",
					"-lLLVMSparcDesc",
					"-lLLVMSparcInfo",
					"-lLLVMSparcAsmPrinter",
					"-lLLVMRISCVDesc",
					"-lLLVMRISCVCodeGen",
					"-lLLVMRISCVInfo",
					"-lLLVMPowerPCDisassembler",
					"-lLLVMPowerPCCodeGen",
					"-lLLVMPowerPCAsmParser",
					"-lLLVMPowerPCDesc",
					"-lLLVMPowerPCInfo",
					"-lLLVMPowerPCAsmPrinter",
					"-lLLVMNVPTXCodeGen",
					"-lLLVMNVPTXDesc",
					"-lLLVMNVPTXInfo",
					"-lLLVMNVPTXAsmPrinter",
					"-lLLVMMSP430CodeGen",
					"-lLLVMMSP430Desc",
					"-lLLVMMSP430Info",
					"-lLLVMMSP430AsmPrinter",
					"-lLLVMMipsDisassembler",
					"-lLLVMMipsCodeGen",
					"-lLLVMMipsAsmParser",
					"-lLLVMMipsDesc",
					"-lLLVMMipsInfo",
					"-lLLVMMipsAsmPrinter",
					"-lLLVMLanaiDisassembler",
					"-lLLVMLanaiCodeGen",
					"-lLLVMLanaiAsmParser",
					"-lLLVMLanaiDesc",
					"-lLLVMLanaiInstPrinter",
					"-lLLVMLanaiInfo",
					"-lLLVMHexagonDisassembler",
					"-lLLVMHexagonCodeGen",
					"-lLLVMHexagonAsmParser",
					"-lLLVMHexagonDesc",
					"-lLLVMHexagonInfo",
					"-lLLVMBPFDisassembler",
					"-lLLVMBPFCodeGen",
					"-lLLVMBPFDesc",
					"-lLLVMBPFInfo",
					"-lLLVMBPFAsmPrinter",
					"-lLLVMARMDisassembler",
					"-lLLVMARMCodeGen",
					"-lLLVMARMAsmParser",
					"-lLLVMARMDesc",
					"-lLLVMARMInfo",
					"-lLLVMARMAsmPrinter",
					"-lLLVMAMDGPUDisassembler",
					"-lLLVMAMDGPUCodeGen",
					"-lLLVMAMDGPUAsmParser",
					"-lLLVMAMDGPUDesc",
					"-lLLVMAMDGPUInfo",
					"-lLLVMAMDGPUAsmPrinter",
					"-lLLVMAMDGPUUtils",
					"-lLLVMAArch64Disassembler",
					"-lLLVMAArch64CodeGen",
					"-lLLVMAArch64AsmParser",
					"-lLLVMAArch64Desc",
					"-lLLVMAArch64Info",
					"-lLLVMAArch64AsmPrinter",
					"-lLLVMAArch64Utils",
					"-lLLVMObjectYAML",
					"-lLLVMLibDriver",
					"-lLLVMOption",
					"-lLLVMX86Disassembler",
					"-lLLVMX86AsmParser",
					"-lLLVMX86CodeGen",
					"-lLLVMGlobalISel",
					"-lLLVMSelectionDAG",
					"-lLLVMAsmPrinter",
					"-lLLVMDebugInfoCodeView",
					"-lLLVMDebugInfoMSF",
					"-lLLVMX86Desc",
					"-lLLVMMCDisassembler",
					"-lLLVMX86Info",
					"-lLLVMX86AsmPrinter",
					"-lLLVMX86Utils",
					"-lLLVMMCJIT",
					"-lLLVMLineEditor",
					"-lLLVMInterpreter",
					"-lLLVMExecutionEngine",
					"-lLLVMRuntimeDyld",
					"-lLLVMCodeGen",
					"-lLLVMTarget",
					"-lLLVMCoroutines",
					"-lLLVMipo",
					"-lLLVMInstrumentation",
					"-lLLVMVectorize",
					"-lLLVMScalarOpts",
					"-lLLVMLinker",
					"-lLLVMIRReader",
					"-lLLVMAsmParser",
					"-lLLVMInstCombine",
					"-lLLVMTransformUtils",
					"-lLLVMBitWriter",
					"-lLLVMAnalysis",
					"-lLLVMObject",
					"-lLLVMMCParser",
					"-lLLVMMC",
					"-lLLVMBitReader",
					"-lLLVMProfileData",
					"-lLLVMCore",
					"-lLLVMSupport",
					"-lLLVMDemangle",
					"-lclangAST",
					"-lclangASTMatchers",
					"-lclangAnalysis",
					"-lclangBasic",
					"-lclangDriver",
					"-lclangEdit",
					"-lclangFrontend",
					"-lclangFrontendTool",
					"-lclangLex",
					"-lclangParse",
					"-lclangSema",
					"-lclangEdit",
					"-lclangRewrite",
					"-lclangRewriteFrontend",
					"-lclangStaticAnalyzerFrontend",
					"-lclangStaticAnalyzerCheckers",
					"-lclangStaticAnalyzerCore",
					"-lclangSerialization",
					"-lclangToolingCore",
					"-lclangTooling",
					"-lclangFormat",
					"-lz",
					"-lcurses",
					"-Wl,-search_paths_first",
					"-Wl,-headerpad_max_install_names",
					"-lm",
					"-ljson-schema-validator",
				);
				PRODUCT_NAME = "$(TARGET_NAME)";
				SYSTEM_HEADER_SEARCH_PATHS = "/usr/local/Cellar/llvm/4.0.0/include $(PROJECT_DIR)/Framework\\ X/3rd/json $(PROJECT_DIR)/Framework\\ X/3rd/json-schema-validator/src";
				USER_HEADER_SEARCH_PATHS = "";
			};
			name = Debug;
		};
		4563609F1E9CF21D00A31D00 /* Release */ = {
			isa = XCBuildConfiguration;
			buildSettings = {
				LIBRARY_SEARCH_PATHS = (
					"$(inherited)",
					"$(PROJECT_DIR)/Framework\\ X/3rd/json-schema-validator/build",
					/usr/local/Cellar/llvm/4.0.0/lib,
				);
				OTHER_LDFLAGS = (
					"-lLLVMLTO",
					"-lLLVMPasses",
					"-lLLVMObjCARCOpts",
					"-lLLVMMIRParser",
					"-lLLVMSymbolize",
					"-lLLVMDebugInfoPDB",
					"-lLLVMDebugInfoDWARF",
					"-lLLVMCoverage",
					"-lLLVMTableGen",
					"-lLLVMOrcJIT",
					"-lLLVMXCoreDisassembler",
					"-lLLVMXCoreCodeGen",
					"-lLLVMXCoreDesc",
					"-lLLVMXCoreInfo",
					"-lLLVMXCoreAsmPrinter",
					"-lLLVMSystemZDisassembler",
					"-lLLVMSystemZCodeGen",
					"-lLLVMSystemZAsmParser",
					"-lLLVMSystemZDesc",
					"-lLLVMSystemZInfo",
					"-lLLVMSystemZAsmPrinter",
					"-lLLVMSparcDisassembler",
					"-lLLVMSparcCodeGen",
					"-lLLVMSparcAsmParser",
					"-lLLVMSparcDesc",
					"-lLLVMSparcInfo",
					"-lLLVMSparcAsmPrinter",
					"-lLLVMRISCVDesc",
					"-lLLVMRISCVCodeGen",
					"-lLLVMRISCVInfo",
					"-lLLVMPowerPCDisassembler",
					"-lLLVMPowerPCCodeGen",
					"-lLLVMPowerPCAsmParser",
					"-lLLVMPowerPCDesc",
					"-lLLVMPowerPCInfo",
					"-lLLVMPowerPCAsmPrinter",
					"-lLLVMNVPTXCodeGen",
					"-lLLVMNVPTXDesc",
					"-lLLVMNVPTXInfo",
					"-lLLVMNVPTXAsmPrinter",
					"-lLLVMMSP430CodeGen",
					"-lLLVMMSP430Desc",
					"-lLLVMMSP430Info",
					"-lLLVMMSP430AsmPrinter",
					"-lLLVMMipsDisassembler",
					"-lLLVMMipsCodeGen",
					"-lLLVMMipsAsmParser",
					"-lLLVMMipsDesc",
					"-lLLVMMipsInfo",
					"-lLLVMMipsAsmPrinter",
					"-lLLVMLanaiDisassembler",
					"-lLLVMLanaiCodeGen",
					"-lLLVMLanaiAsmParser",
					"-lLLVMLanaiDesc",
					"-lLLVMLanaiInstPrinter",
					"-lLLVMLanaiInfo",
					"-lLLVMHexagonDisassembler",
					"-lLLVMHexagonCodeGen",
					"-lLLVMHexagonAsmParser",
					"-lLLVMHexagonDesc",
					"-lLLVMHexagonInfo",
					"-lLLVMBPFDisassembler",
					"-lLLVMBPFCodeGen",
					"-lLLVMBPFDesc",
					"-lLLVMBPFInfo",
					"-lLLVMBPFAsmPrinter",
					"-lLLVMARMDisassembler",
					"-lLLVMARMCodeGen",
					"-lLLVMARMAsmParser",
					"-lLLVMARMDesc",
					"-lLLVMARMInfo",
					"-lLLVMARMAsmPrinter",
					"-lLLVMAMDGPUDisassembler",
					"-lLLVMAMDGPUCodeGen",
					"-lLLVMAMDGPUAsmParser",
					"-lLLVMAMDGPUDesc",
					"-lLLVMAMDGPUInfo",
					"-lLLVMAMDGPUAsmPrinter",
					"-lLLVMAMDGPUUtils",
					"-lLLVMAArch64Disassembler",
					"-lLLVMAArch64CodeGen",
					"-lLLVMAArch64AsmParser",
					"-lLLVMAArch64Desc",
					"-lLLVMAArch64Info",
					"-lLLVMAArch64AsmPrinter",
					"-lLLVMAArch64Utils",
					"-lLLVMObjectYAML",
					"-lLLVMLibDriver",
					"-lLLVMOption",
					"-lLLVMX86Disassembler",
					"-lLLVMX86AsmParser",
					"-lLLVMX86CodeGen",
					"-lLLVMGlobalISel",
					"-lLLVMSelectionDAG",
					"-lLLVMAsmPrinter",
					"-lLLVMDebugInfoCodeView",
					"-lLLVMDebugInfoMSF",
					"-lLLVMX86Desc",
					"-lLLVMMCDisassembler",
					"-lLLVMX86Info",
					"-lLLVMX86AsmPrinter",
					"-lLLVMX86Utils",
					"-lLLVMMCJIT",
					"-lLLVMLineEditor",
					"-lLLVMInterpreter",
					"-lLLVMExecutionEngine",
					"-lLLVMRuntimeDyld",
					"-lLLVMCodeGen",
					"-lLLVMTarget",
					"-lLLVMCoroutines",
					"-lLLVMipo",
					"-lLLVMInstrumentation",
					"-lLLVMVectorize",
					"-lLLVMScalarOpts",
					"-lLLVMLinker",
					"-lLLVMIRReader",
					"-lLLVMAsmParser",
					"-lLLVMInstCombine",
					"-lLLVMTransformUtils",
					"-lLLVMBitWriter",
					"-lLLVMAnalysis",
					"-lLLVMObject",
					"-lLLVMMCParser",
					"-lLLVMMC",
					"-lLLVMBitReader",
					"-lLLVMProfileData",
					"-lLLVMCore",
					"-lLLVMSupport",
					"-lLLVMDemangle",
					"-lclangAST",
					"-lclangASTMatchers",
					"-lclangAnalysis",
					"-lclangBasic",
					"-lclangDriver",
					"-lclangEdit",
					"-lclangFrontend",
					"-lclangFrontendTool",
					"-lclangLex",
					"-lclangParse",
					"-lclangSema",
					"-lclangEdit",
					"-lclangRewrite",
					"-lclangRewriteFrontend",
					"-lclangStaticAnalyzerFrontend",
					"-lclangStaticAnalyzerCheckers",
					"-lclangStaticAnalyzerCore",
					"-lclangSerialization",
					"-lclangToolingCore",
					"-lclangTooling",
					"-lclangFormat",
					"-lz",
					"-lcurses",
					"-Wl,-search_paths_first",
					"-Wl,-headerpad_max_install_names",
					"-lm",
					"-ljson-schema-validator",
				);
				PRODUCT_NAME = "$(TARGET_NAME)";
				SYSTEM_HEADER_SEARCH_PATHS = "/usr/local/Cellar/llvm/4.0.0/include $(PROJECT_DIR)/Framework\\ X/3rd/json $(PROJECT_DIR)/Framework\\ X/3rd/json-schema-validator/src";
				USER_HEADER_SEARCH_PATHS = "";
			};
			name = Release;
		};
/* End XCBuildConfiguration section */

/* Begin XCConfigurationList section */
		456360911E9CF21D00A31D00 /* Build configuration list for PBXProject "Framework X" */ = {
			isa = XCConfigurationList;
			buildConfigurations = (
				4563609B1E9CF21D00A31D00 /* Debug */,
				4563609C1E9CF21D00A31D00 /* Release */,
			);
			defaultConfigurationIsVisible = 0;
			defaultConfigurationName = Release;
		};
		4563609D1E9CF21D00A31D00 /* Build configuration list for PBXNativeTarget "Framework X" */ = {
			isa = XCConfigurationList;
			buildConfigurations = (
				4563609E1E9CF21D00A31D00 /* Debug */,
				4563609F1E9CF21D00A31D00 /* Release */,
			);
			defaultConfigurationIsVisible = 0;
			defaultConfigurationName = Release;
		};
/* End XCConfigurationList section */
	};
	rootObject = 4563608E1E9CF21D00A31D00 /* Project object */;
}
